
Microsoft Visual Studio Solution File, Format Version 12.00
# Visual Studio Version 16
VisualStudioVersion = 16.0.28803.452
MinimumVisualStudioVersion = 10.0.40219.1
Project("{9A19103F-16F7-4668-BE54-9A1E7A4F7556}") = "Functions", "src\Functions\Functions.csproj", "{8020AB6A-EC3D-4805-A596-1531D5D3ACE1}"
EndProject
Project("{151D2E53-A2C4-4D7D-83FE-D05416EBD58E}") = "Infrastructure", "infra\Infrastructure\Infrastructure.deployproj", "{1C96281B-EF44-452D-8AC8-4365A32A38F9}"
EndProject
Project("{FAE04EC0-301F-11D3-BF4B-00C04F79EFBC}") = "Services", "src\Services\Services.csproj", "{D0F6798D-1350-4C0F-BA93-1CD39DCB1EAF}"
EndProject
Global
	GlobalSection(SolutionConfigurationPlatforms) = preSolution
		Debug|Any CPU = Debug|Any CPU
		Release|Any CPU = Release|Any CPU
	EndGlobalSection
	GlobalSection(ProjectConfigurationPlatforms) = postSolution
		{8020AB6A-EC3D-4805-A596-1531D5D3ACE1}.Debug|Any CPU.ActiveCfg = Debug|Any CPU
		{8020AB6A-EC3D-4805-A596-1531D5D3ACE1}.Debug|Any CPU.Build.0 = Debug|Any CPU
		{8020AB6A-EC3D-4805-A596-1531D5D3ACE1}.Release|Any CPU.ActiveCfg = Release|Any CPU
		{8020AB6A-EC3D-4805-A596-1531D5D3ACE1}.Release|Any CPU.Build.0 = Release|Any CPU
		{1C96281B-EF44-452D-8AC8-4365A32A38F9}.Debug|Any CPU.ActiveCfg = Debug|Any CPU
		{1C96281B-EF44-452D-8AC8-4365A32A38F9}.Debug|Any CPU.Build.0 = Debug|Any CPU
		{1C96281B-EF44-452D-8AC8-4365A32A38F9}.Release|Any CPU.ActiveCfg = Release|Any CPU
		{1C96281B-EF44-452D-8AC8-4365A32A38F9}.Release|Any CPU.Build.0 = Release|Any CPU
		{D0F6798D-1350-4C0F-BA93-1CD39DCB1EAF}.Debug|Any CPU.ActiveCfg = Debug|Any CPU
		{D0F6798D-1350-4C0F-BA93-1CD39DCB1EAF}.Debug|Any CPU.Build.0 = Debug|Any CPU
		{D0F6798D-1350-4C0F-BA93-1CD39DCB1EAF}.Release|Any CPU.ActiveCfg = Release|Any CPU
		{D0F6798D-1350-4C0F-BA93-1CD39DCB1EAF}.Release|Any CPU.Build.0 = Release|Any CPU
	EndGlobalSection
	GlobalSection(SolutionProperties) = preSolution
		HideSolutionNode = FALSE
	EndGlobalSection
	GlobalSection(ExtensibilityGlobals) = postSolution
		SolutionGuid = {6EBBF2D3-F5BB-459C-AA3E-405212E5BA42}
	EndGlobalSection
EndGlobal
